// !$*UTF8*$!
{
	archiveVersion = 1;
	classes = {
	};
	objectVersion = 51;
	objects = {

/* Begin PBXBuildFile section */
		3EA313A77FED557C0354DB03 /* Pods_BreakingBadBluePrint.framework in Frameworks */ = {isa = PBXBuildFile; fileRef = 410A2287891AD356DDAE1DE0 /* Pods_BreakingBadBluePrint.framework */; };
		B60784CA250E347B00E5A617 /* Box.swift in Sources */ = {isa = PBXBuildFile; fileRef = B60784C9250E347B00E5A617 /* Box.swift */; };
		B6AECA24250941E5009675B5 /* CharacterService.swift in Sources */ = {isa = PBXBuildFile; fileRef = B6AECA23250941E5009675B5 /* CharacterService.swift */; };
		B6AECA26250A2794009675B5 /* CharacterListViewModel.swift in Sources */ = {isa = PBXBuildFile; fileRef = B6AECA25250A2794009675B5 /* CharacterListViewModel.swift */; };
		B6D8959F2509381C000A0E4C /* AppDelegate.swift in Sources */ = {isa = PBXBuildFile; fileRef = B6D8959E2509381C000A0E4C /* AppDelegate.swift */; };
		B6D895A12509381C000A0E4C /* SceneDelegate.swift in Sources */ = {isa = PBXBuildFile; fileRef = B6D895A02509381C000A0E4C /* SceneDelegate.swift */; };
		B6D895A32509381C000A0E4C /* CharactersListViewController.swift in Sources */ = {isa = PBXBuildFile; fileRef = B6D895A22509381C000A0E4C /* CharactersListViewController.swift */; };
		B6D895A62509381C000A0E4C /* Main.storyboard in Resources */ = {isa = PBXBuildFile; fileRef = B6D895A42509381C000A0E4C /* Main.storyboard */; };
		B6D895A82509381E000A0E4C /* Assets.xcassets in Resources */ = {isa = PBXBuildFile; fileRef = B6D895A72509381E000A0E4C /* Assets.xcassets */; };
		B6D895AB2509381E000A0E4C /* LaunchScreen.storyboard in Resources */ = {isa = PBXBuildFile; fileRef = B6D895A92509381E000A0E4C /* LaunchScreen.storyboard */; };
		B6D895B3250938CC000A0E4C /* CharacterDetailViewController.swift in Sources */ = {isa = PBXBuildFile; fileRef = B6D895B2250938CC000A0E4C /* CharacterDetailViewController.swift */; };
		B6D895B625093904000A0E4C /* CharacterTableViewCell.swift in Sources */ = {isa = PBXBuildFile; fileRef = B6D895B425093904000A0E4C /* CharacterTableViewCell.swift */; };
		B6D895B725093904000A0E4C /* CharacterTableViewCell.xib in Resources */ = {isa = PBXBuildFile; fileRef = B6D895B525093904000A0E4C /* CharacterTableViewCell.xib */; };
		B6D895BC25093CCD000A0E4C /* Character.swift in Sources */ = {isa = PBXBuildFile; fileRef = B6D895BB25093CCD000A0E4C /* Character.swift */; };
/* End PBXBuildFile section */

/* Begin PBXFileReference section */
		410A2287891AD356DDAE1DE0 /* Pods_BreakingBadBluePrint.framework */ = {isa = PBXFileReference; explicitFileType = wrapper.framework; includeInIndex = 0; path = Pods_BreakingBadBluePrint.framework; sourceTree = BUILT_PRODUCTS_DIR; };
		518549247BCBB914F3C010F6 /* Pods-BreakingBadBluePrint.debug.xcconfig */ = {isa = PBXFileReference; includeInIndex = 1; lastKnownFileType = text.xcconfig; name = "Pods-BreakingBadBluePrint.debug.xcconfig"; path = "Target Support Files/Pods-BreakingBadBluePrint/Pods-BreakingBadBluePrint.debug.xcconfig"; sourceTree = "<group>"; };
		B60784C9250E347B00E5A617 /* Box.swift */ = {isa = PBXFileReference; lastKnownFileType = sourcecode.swift; path = Box.swift; sourceTree = "<group>"; };
		B6AECA23250941E5009675B5 /* CharacterService.swift */ = {isa = PBXFileReference; lastKnownFileType = sourcecode.swift; path = CharacterService.swift; sourceTree = "<group>"; };
		B6AECA25250A2794009675B5 /* CharacterListViewModel.swift */ = {isa = PBXFileReference; lastKnownFileType = sourcecode.swift; path = CharacterListViewModel.swift; sourceTree = "<group>"; };
		B6D8959B2509381C000A0E4C /* BreakingBadBluePrint.app */ = {isa = PBXFileReference; explicitFileType = wrapper.application; includeInIndex = 0; path = BreakingBadBluePrint.app; sourceTree = BUILT_PRODUCTS_DIR; };
		B6D8959E2509381C000A0E4C /* AppDelegate.swift */ = {isa = PBXFileReference; lastKnownFileType = sourcecode.swift; path = AppDelegate.swift; sourceTree = "<group>"; };
		B6D895A02509381C000A0E4C /* SceneDelegate.swift */ = {isa = PBXFileReference; lastKnownFileType = sourcecode.swift; path = SceneDelegate.swift; sourceTree = "<group>"; };
		B6D895A22509381C000A0E4C /* CharactersListViewController.swift */ = {isa = PBXFileReference; lastKnownFileType = sourcecode.swift; path = CharactersListViewController.swift; sourceTree = "<group>"; };
		B6D895A52509381C000A0E4C /* Base */ = {isa = PBXFileReference; lastKnownFileType = file.storyboard; name = Base; path = Base.lproj/Main.storyboard; sourceTree = "<group>"; };
		B6D895A72509381E000A0E4C /* Assets.xcassets */ = {isa = PBXFileReference; lastKnownFileType = folder.assetcatalog; path = Assets.xcassets; sourceTree = "<group>"; };
		B6D895AA2509381E000A0E4C /* Base */ = {isa = PBXFileReference; lastKnownFileType = file.storyboard; name = Base; path = Base.lproj/LaunchScreen.storyboard; sourceTree = "<group>"; };
		B6D895AC2509381E000A0E4C /* Info.plist */ = {isa = PBXFileReference; lastKnownFileType = text.plist.xml; path = Info.plist; sourceTree = "<group>"; };
		B6D895B2250938CC000A0E4C /* CharacterDetailViewController.swift */ = {isa = PBXFileReference; lastKnownFileType = sourcecode.swift; path = CharacterDetailViewController.swift; sourceTree = "<group>"; };
		B6D895B425093904000A0E4C /* CharacterTableViewCell.swift */ = {isa = PBXFileReference; lastKnownFileType = sourcecode.swift; path = CharacterTableViewCell.swift; sourceTree = "<group>"; };
		B6D895B525093904000A0E4C /* CharacterTableViewCell.xib */ = {isa = PBXFileReference; lastKnownFileType = file.xib; path = CharacterTableViewCell.xib; sourceTree = "<group>"; };
		B6D895BB25093CCD000A0E4C /* Character.swift */ = {isa = PBXFileReference; lastKnownFileType = sourcecode.swift; path = Character.swift; sourceTree = "<group>"; };
		B80BB3F398B0880942864844 /* Pods-BreakingBadBluePrint.release.xcconfig */ = {isa = PBXFileReference; includeInIndex = 1; lastKnownFileType = text.xcconfig; name = "Pods-BreakingBadBluePrint.release.xcconfig"; path = "Target Support Files/Pods-BreakingBadBluePrint/Pods-BreakingBadBluePrint.release.xcconfig"; sourceTree = "<group>"; };
/* End PBXFileReference section */

/* Begin PBXFrameworksBuildPhase section */
		B6D895982509381C000A0E4C /* Frameworks */ = {
			isa = PBXFrameworksBuildPhase;
			buildActionMask = 2147483647;
			files = (
				3EA313A77FED557C0354DB03 /* Pods_BreakingBadBluePrint.framework in Frameworks */,
			);
			runOnlyForDeploymentPostprocessing = 0;
		};
/* End PBXFrameworksBuildPhase section */

/* Begin PBXGroup section */
		14BCE062467F5693E44A0C8E /* Pods */ = {
			isa = PBXGroup;
			children = (
				518549247BCBB914F3C010F6 /* Pods-BreakingBadBluePrint.debug.xcconfig */,
				B80BB3F398B0880942864844 /* Pods-BreakingBadBluePrint.release.xcconfig */,
			);
			path = Pods;
			sourceTree = "<group>";
		};
		6B2DF000EEB4D7E39C654207 /* Frameworks */ = {
			isa = PBXGroup;
			children = (
				410A2287891AD356DDAE1DE0 /* Pods_BreakingBadBluePrint.framework */,
			);
			name = Frameworks;
			sourceTree = "<group>";
		};
		B6D895922509381C000A0E4C = {
			isa = PBXGroup;
			children = (
				B6D8959D2509381C000A0E4C /* BreakingBadBluePrint */,
				B6D8959C2509381C000A0E4C /* Products */,
				14BCE062467F5693E44A0C8E /* Pods */,
				6B2DF000EEB4D7E39C654207 /* Frameworks */,
			);
			sourceTree = "<group>";
		};
		B6D8959C2509381C000A0E4C /* Products */ = {
			isa = PBXGroup;
			children = (
				B6D8959B2509381C000A0E4C /* BreakingBadBluePrint.app */,
			);
			name = Products;
			sourceTree = "<group>";
		};
		B6D8959D2509381C000A0E4C /* BreakingBadBluePrint */ = {
			isa = PBXGroup;
			children = (
				B6D895BA25093CC0000A0E4C /* Model */,
				B6D895B925093927000A0E4C /* CharacterDetail */,
				B6D895B825093911000A0E4C /* CharactersList */,
				B60784C9250E347B00E5A617 /* Box.swift */,
				B6D8959E2509381C000A0E4C /* AppDelegate.swift */,
				B6AECA23250941E5009675B5 /* CharacterService.swift */,
				B6D895A02509381C000A0E4C /* SceneDelegate.swift */,
				B6D895A42509381C000A0E4C /* Main.storyboard */,
				B6D895A72509381E000A0E4C /* Assets.xcassets */,
				B6D895A92509381E000A0E4C /* LaunchScreen.storyboard */,
				B6D895AC2509381E000A0E4C /* Info.plist */,
			);
			path = BreakingBadBluePrint;
			sourceTree = "<group>";
		};
		B6D895B825093911000A0E4C /* CharactersList */ = {
			isa = PBXGroup;
			children = (
				B6D895A22509381C000A0E4C /* CharactersListViewController.swift */,
				B6D895B425093904000A0E4C /* CharacterTableViewCell.swift */,
				B6D895B525093904000A0E4C /* CharacterTableViewCell.xib */,
				B6AECA25250A2794009675B5 /* CharacterListViewModel.swift */,
			);
			path = CharactersList;
			sourceTree = "<group>";
		};
		B6D895B925093927000A0E4C /* CharacterDetail */ = {
			isa = PBXGroup;
			children = (
				B6D895B2250938CC000A0E4C /* CharacterDetailViewController.swift */,
			);
			path = CharacterDetail;
			sourceTree = "<group>";
		};
		B6D895BA25093CC0000A0E4C /* Model */ = {
			isa = PBXGroup;
			children = (
				B6D895BB25093CCD000A0E4C /* Character.swift */,
			);
			path = Model;
			sourceTree = "<group>";
		};
/* End PBXGroup section */

/* Begin PBXNativeTarget section */
		B6D8959A2509381C000A0E4C /* BreakingBadBluePrint */ = {
			isa = PBXNativeTarget;
			buildConfigurationList = B6D895AF2509381E000A0E4C /* Build configuration list for PBXNativeTarget "BreakingBadBluePrint" */;
			buildPhases = (
				8B76A0696AD97C3A5663B905 /* [CP] Check Pods Manifest.lock */,
				B6D895972509381C000A0E4C /* Sources */,
				B6D895982509381C000A0E4C /* Frameworks */,
				B6D895992509381C000A0E4C /* Resources */,
				D1BD520C0A3908388397C76B /* [CP] Embed Pods Frameworks */,
			);
			buildRules = (
			);
			dependencies = (
			);
			name = BreakingBadBluePrint;
			productName = BreakingBadBluePrint;
			productReference = B6D8959B2509381C000A0E4C /* BreakingBadBluePrint.app */;
			productType = "com.apple.product-type.application";
		};
/* End PBXNativeTarget section */

/* Begin PBXProject section */
		B6D895932509381C000A0E4C /* Project object */ = {
			isa = PBXProject;
			attributes = {
				LastSwiftUpdateCheck = 1160;
				LastUpgradeCheck = 1160;
				ORGANIZATIONNAME = "Meurig Phillips";
				TargetAttributes = {
					B6D8959A2509381C000A0E4C = {
						CreatedOnToolsVersion = 11.6;
					};
				};
			};
			buildConfigurationList = B6D895962509381C000A0E4C /* Build configuration list for PBXProject "BreakingBadBluePrint" */;
			compatibilityVersion = "Xcode 9.3";
			developmentRegion = en;
			hasScannedForEncodings = 0;
			knownRegions = (
				en,
				Base,
			);
			mainGroup = B6D895922509381C000A0E4C;
			productRefGroup = B6D8959C2509381C000A0E4C /* Products */;
			projectDirPath = "";
			projectRoot = "";
			targets = (
				B6D8959A2509381C000A0E4C /* BreakingBadBluePrint */,
			);
		};
/* End PBXProject section */

/* Begin PBXResourcesBuildPhase section */
		B6D895992509381C000A0E4C /* Resources */ = {
			isa = PBXResourcesBuildPhase;
			buildActionMask = 2147483647;
			files = (
				B6D895AB2509381E000A0E4C /* LaunchScreen.storyboard in Resources */,
				B6D895A82509381E000A0E4C /* Assets.xcassets in Resources */,
				B6D895A62509381C000A0E4C /* Main.storyboard in Resources */,
				B6D895B725093904000A0E4C /* CharacterTableViewCell.xib in Resources */,
			);
			runOnlyForDeploymentPostprocessing = 0;
		};
/* End PBXResourcesBuildPhase section */

/* Begin PBXShellScriptBuildPhase section */
		8B76A0696AD97C3A5663B905 /* [CP] Check Pods Manifest.lock */ = {
			isa = PBXShellScriptBuildPhase;
			buildActionMask = 2147483647;
			files = (
			);
			inputFileListPaths = (
			);
			inputPaths = (
				"${PODS_PODFILE_DIR_PATH}/Podfile.lock",
				"${PODS_ROOT}/Manifest.lock",
			);
			name = "[CP] Check Pods Manifest.lock";
			outputFileListPaths = (
			);
			outputPaths = (
				"$(DERIVED_FILE_DIR)/Pods-BreakingBadBluePrint-checkManifestLockResult.txt",
			);
			runOnlyForDeploymentPostprocessing = 0;
			shellPath = /bin/sh;
			shellScript = "diff \"${PODS_PODFILE_DIR_PATH}/Podfile.lock\" \"${PODS_ROOT}/Manifest.lock\" > /dev/null\nif [ $? != 0 ] ; then\n    # print error to STDERR\n    echo \"error: The sandbox is not in sync with the Podfile.lock. Run 'pod install' or update your CocoaPods installation.\" >&2\n    exit 1\nfi\n# This output is used by Xcode 'outputs' to avoid re-running this script phase.\necho \"SUCCESS\" > \"${SCRIPT_OUTPUT_FILE_0}\"\n";
			showEnvVarsInLog = 0;
		};
		D1BD520C0A3908388397C76B /* [CP] Embed Pods Frameworks */ = {
			isa = PBXShellScriptBuildPhase;
			buildActionMask = 2147483647;
			files = (
			);
			inputFileListPaths = (
				"${PODS_ROOT}/Target Support Files/Pods-BreakingBadBluePrint/Pods-BreakingBadBluePrint-frameworks-${CONFIGURATION}-input-files.xcfilelist",
			);
			name = "[CP] Embed Pods Frameworks";
			outputFileListPaths = (
				"${PODS_ROOT}/Target Support Files/Pods-BreakingBadBluePrint/Pods-BreakingBadBluePrint-frameworks-${CONFIGURATION}-output-files.xcfilelist",
			);
			runOnlyForDeploymentPostprocessing = 0;
			shellPath = /bin/sh;
			shellScript = "\"${PODS_ROOT}/Target Support Files/Pods-BreakingBadBluePrint/Pods-BreakingBadBluePrint-frameworks.sh\"\n";
			showEnvVarsInLog = 0;
		};
/* End PBXShellScriptBuildPhase section */

/* Begin PBXSourcesBuildPhase section */
		B6D895972509381C000A0E4C /* Sources */ = {
			isa = PBXSourcesBuildPhase;
			buildActionMask = 2147483647;
			files = (
				B6D895A32509381C000A0E4C /* CharactersListViewController.swift in Sources */,
				B6D895B3250938CC000A0E4C /* CharacterDetailViewController.swift in Sources */,
				B6AECA24250941E5009675B5 /* CharacterService.swift in Sources */,
				B6D895B625093904000A0E4C /* CharacterTableViewCell.swift in Sources */,
				B6AECA26250A2794009675B5 /* CharacterListViewModel.swift in Sources */,
				B6D895BC25093CCD000A0E4C /* Character.swift in Sources */,
				B6D8959F2509381C000A0E4C /* AppDelegate.swift in Sources */,
				B6D895A12509381C000A0E4C /* SceneDelegate.swift in Sources */,
				B60784CA250E347B00E5A617 /* Box.swift in Sources */,
			);
			runOnlyForDeploymentPostprocessing = 0;
		};
/* End PBXSourcesBuildPhase section */

/* Begin PBXVariantGroup section */
		B6D895A42509381C000A0E4C /* Main.storyboard */ = {
			isa = PBXVariantGroup;
			children = (
				B6D895A52509381C000A0E4C /* Base */,
			);
			name = Main.storyboard;
			sourceTree = "<group>";
		};
		B6D895A92509381E000A0E4C /* LaunchScreen.storyboard */ = {
			isa = PBXVariantGroup;
			children = (
				B6D895AA2509381E000A0E4C /* Base */,
			);
			name = LaunchScreen.storyboard;
			sourceTree = "<group>";
		};
/* End PBXVariantGroup section */

/* Begin XCBuildConfiguration section */
		B6D895AD2509381E000A0E4C /* Debug */ = {
			isa = XCBuildConfiguration;
			buildSettings = {
				ALWAYS_SEARCH_USER_PATHS = NO;
				CLANG_ANALYZER_NONNULL = YES;
				CLANG_ANALYZER_NUMBER_OBJECT_CONVERSION = YES_AGGRESSIVE;
				CLANG_CXX_LANGUAGE_STANDARD = "gnu++14";
				CLANG_CXX_LIBRARY = "libc++";
				CLANG_ENABLE_MODULES = YES;
				CLANG_ENABLE_OBJC_ARC = YES;
				CLANG_ENABLE_OBJC_WEAK = YES;
				CLANG_WARN_BLOCK_CAPTURE_AUTORELEASING = YES;
				CLANG_WARN_BOOL_CONVERSION = YES;
				CLANG_WARN_COMMA = YES;
				CLANG_WARN_CONSTANT_CONVERSION = YES;
				CLANG_WARN_DEPRECATED_OBJC_IMPLEMENTATIONS = YES;
				CLANG_WARN_DIRECT_OBJC_ISA_USAGE = YES_ERROR;
				CLANG_WARN_DOCUMENTATION_COMMENTS = YES;
				CLANG_WARN_EMPTY_BODY = YES;
				CLANG_WARN_ENUM_CONVERSION = YES;
				CLANG_WARN_INFINITE_RECURSION = YES;
				CLANG_WARN_INT_CONVERSION = YES;
				CLANG_WARN_NON_LITERAL_NULL_CONVERSION = YES;
				CLANG_WARN_OBJC_IMPLICIT_RETAIN_SELF = YES;
				CLANG_WARN_OBJC_LITERAL_CONVERSION = YES;
				CLANG_WARN_OBJC_ROOT_CLASS = YES_ERROR;
				CLANG_WARN_RANGE_LOOP_ANALYSIS = YES;
				CLANG_WARN_STRICT_PROTOTYPES = YES;
				CLANG_WARN_SUSPICIOUS_MOVE = YES;
				CLANG_WARN_UNGUARDED_AVAILABILITY = YES_AGGRESSIVE;
				CLANG_WARN_UNREACHABLE_CODE = YES;
				CLANG_WARN__DUPLICATE_METHOD_MATCH = YES;
				COPY_PHASE_STRIP = NO;
				DEBUG_INFORMATION_FORMAT = dwarf;
				ENABLE_STRICT_OBJC_MSGSEND = YES;
				ENABLE_TESTABILITY = YES;
				GCC_C_LANGUAGE_STANDARD = gnu11;
				GCC_DYNAMIC_NO_PIC = NO;
				GCC_NO_COMMON_BLOCKS = YES;
				GCC_OPTIMIZATION_LEVEL = 0;
				GCC_PREPROCESSOR_DEFINITIONS = (
					"DEBUG=1",
					"$(inherited)",
				);
				GCC_WARN_64_TO_32_BIT_CONVERSION = YES;
				GCC_WARN_ABOUT_RETURN_TYPE = YES_ERROR;
				GCC_WARN_UNDECLARED_SELECTOR = YES;
				GCC_WARN_UNINITIALIZED_AUTOS = YES_AGGRESSIVE;
				GCC_WARN_UNUSED_FUNCTION = YES;
				GCC_WARN_UNUSED_VARIABLE = YES;
				IPHONEOS_DEPLOYMENT_TARGET = 13.6;
				MTL_ENABLE_DEBUG_INFO = INCLUDE_SOURCE;
				MTL_FAST_MATH = YES;
				ONLY_ACTIVE_ARCH = YES;
				SDKROOT = iphoneos;
				SWIFT_ACTIVE_COMPILATION_CONDITIONS = DEBUG;
				SWIFT_OPTIMIZATION_LEVEL = "-Onone";
			};
			name = Debug;
		};
		B6D895AE2509381E000A0E4C /* Release */ = {
			isa = XCBuildConfiguration;
			buildSettings = {
				ALWAYS_SEARCH_USER_PATHS = NO;
				CLANG_ANALYZER_NONNULL = YES;
				CLANG_ANALYZER_NUMBER_OBJECT_CONVERSION = YES_AGGRESSIVE;
				CLANG_CXX_LANGUAGE_STANDARD = "gnu++14";
				CLANG_CXX_LIBRARY = "libc++";
				CLANG_ENABLE_MODULES = YES;
				CLANG_ENABLE_OBJC_ARC = YES;
				CLANG_ENABLE_OBJC_WEAK = YES;
				CLANG_WARN_BLOCK_CAPTURE_AUTORELEASING = YES;
				CLANG_WARN_BOOL_CONVERSION = YES;
				CLANG_WARN_COMMA = YES;
				CLANG_WARN_CONSTANT_CONVERSION = YES;
				CLANG_WARN_DEPRECATED_OBJC_IMPLEMENTATIONS = YES;
				CLANG_WARN_DIRECT_OBJC_ISA_USAGE = YES_ERROR;
				CLANG_WARN_DOCUMENTATION_COMMENTS = YES;
				CLANG_WARN_EMPTY_BODY = YES;
				CLANG_WARN_ENUM_CONVERSION = YES;
				CLANG_WARN_INFINITE_RECURSION = YES;
				CLANG_WARN_INT_CONVERSION = YES;
				CLANG_WARN_NON_LITERAL_NULL_CONVERSION = YES;
				CLANG_WARN_OBJC_IMPLICIT_RETAIN_SELF = YES;
				CLANG_WARN_OBJC_LITERAL_CONVERSION = YES;
				CLANG_WARN_OBJC_ROOT_CLASS = YES_ERROR;
				CLANG_WARN_RANGE_LOOP_ANALYSIS = YES;
				CLANG_WARN_STRICT_PROTOTYPES = YES;
				CLANG_WARN_SUSPICIOUS_MOVE = YES;
				CLANG_WARN_UNGUARDED_AVAILABILITY = YES_AGGRESSIVE;
				CLANG_WARN_UNREACHABLE_CODE = YES;
				CLANG_WARN__DUPLICATE_METHOD_MATCH = YES;
				COPY_PHASE_STRIP = NO;
				DEBUG_INFORMATION_FORMAT = "dwarf-with-dsym";
				ENABLE_NS_ASSERTIONS = NO;
				ENABLE_STRICT_OBJC_MSGSEND = YES;
				GCC_C_LANGUAGE_STANDARD = gnu11;
				GCC_NO_COMMON_BLOCKS = YES;
				GCC_WARN_64_TO_32_BIT_CONVERSION = YES;
				GCC_WARN_ABOUT_RETURN_TYPE = YES_ERROR;
				GCC_WARN_UNDECLARED_SELECTOR = YES;
				GCC_WARN_UNINITIALIZED_AUTOS = YES_AGGRESSIVE;
				GCC_WARN_UNUSED_FUNCTION = YES;
				GCC_WARN_UNUSED_VARIABLE = YES;
				IPHONEOS_DEPLOYMENT_TARGET = 13.6;
				MTL_ENABLE_DEBUG_INFO = NO;
				MTL_FAST_MATH = YES;
				SDKROOT = iphoneos;
				SWIFT_COMPILATION_MODE = wholemodule;
				SWIFT_OPTIMIZATION_LEVEL = "-O";
				VALIDATE_PRODUCT = YES;
			};
			name = Release;
		};
		B6D895B02509381E000A0E4C /* Debug */ = {
			isa = XCBuildConfiguration;
			baseConfigurationReference = 518549247BCBB914F3C010F6 /* Pods-BreakingBadBluePrint.debug.xcconfig */;
			buildSettings = {
				ASSETCATALOG_COMPILER_APPICON_NAME = AppIcon;
				CODE_SIGN_STYLE = Automatic;
				DEVELOPMENT_TEAM = VXHN8KXSGK;
				INFOPLIST_FILE = BreakingBadBluePrint/Info.plist;
				LD_RUNPATH_SEARCH_PATHS = (
					"$(inherited)",
					"@executable_path/Frameworks",
				);
				PRODUCT_BUNDLE_IDENTIFIER = Meurig.BreakingBadBluePrint;
				PRODUCT_NAME = "$(TARGET_NAME)";
				SWIFT_VERSION = 5.0;
				TARGETED_DEVICE_FAMILY = "1,2";
			};
			name = Debug;
		};
		B6D895B12509381E000A0E4C /* Release */ = {
			isa = XCBuildConfiguration;
			baseConfigurationReference = B80BB3F398B0880942864844 /* Pods-BreakingBadBluePrint.release.xcconfig */;
			buildSettings = {
				ASSETCATALOG_COMPILER_APPICON_NAME = AppIcon;
				CODE_SIGN_STYLE = Automatic;
				DEVELOPMENT_TEAM = VXHN8KXSGK;
				INFOPLIST_FILE = BreakingBadBluePrint/Info.plist;
				LD_RUNPATH_SEARCH_PATHS = (
					"$(inherited)",
					"@executable_path/Frameworks",
				);
				PRODUCT_BUNDLE_IDENTIFIER = Meurig.BreakingBadBluePrint;
				PRODUCT_NAME = "$(TARGET_NAME)";
				SWIFT_VERSION = 5.0;
				TARGETED_DEVICE_FAMILY = "1,2";
			};
			name = Release;
		};
/* End XCBuildConfiguration section */

/* Begin XCConfigurationList section */
		B6D895962509381C000A0E4C /* Build configuration list for PBXProject "BreakingBadBluePrint" */ = {
			isa = XCConfigurationList;
			buildConfigurations = (
				B6D895AD2509381E000A0E4C /* Debug */,
				B6D895AE2509381E000A0E4C /* Release */,
			);
			defaultConfigurationIsVisible = 0;
			defaultConfigurationName = Release;
		};
		B6D895AF2509381E000A0E4C /* Build configuration list for PBXNativeTarget "BreakingBadBluePrint" */ = {
			isa = XCConfigurationList;
			buildConfigurations = (
				B6D895B02509381E000A0E4C /* Debug */,
				B6D895B12509381E000A0E4C /* Release */,
			);
			defaultConfigurationIsVisible = 0;
			defaultConfigurationName = Release;
		};
/* End XCConfigurationList section */
	};
	rootObject = B6D895932509381C000A0E4C /* Project object */;
}
