PODS:
  - SDWebImage (5.9.1):
    - SDWebImage/Core (= 5.9.1)
  - SDWebImage/Core (5.9.1)

DEPENDENCIES:
  - SDWebImage

SPEC REPOS:
  trunk:
    - SDWebImage

SPEC CHECKSUMS:
  SDWebImage: a990c053fff71e388a10f3357edb0be17929c9c5

PODFILE CHECKSUM: b4e5b88be6e60ca2550be6ad60cd9a4fed07fdde

COCOAPODS: 1.8.4
